
Microsoft Visual Studio Solution File, Format Version 12.00
# Visual Studio Version 17
VisualStudioVersion = 17.4.33205.214
MinimumVisualStudioVersion = 10.0.40219.1
Project("{FAE04EC0-301F-11D3-BF4B-00C04F79EFBC}") = "Tech-Lib-Data", "Tech-Lib-Data.csproj", "{DF35AB8A-1BAA-45F5-A94C-01D2741E39A5}"
EndProject
Global
	GlobalSection(SolutionConfigurationPlatforms) = preSolution
		Debug|Any CPU = Debug|Any CPU
		Release|Any CPU = Release|Any CPU
	EndGlobalSection
	GlobalSection(ProjectConfigurationPlatforms) = postSolution
		{DF35AB8A-1BAA-45F5-A94C-01D2741E39A5}.Debug|Any CPU.ActiveCfg = Debug|Any CPU
		{DF35AB8A-1BAA-45F5-A94C-01D2741E39A5}.Debug|Any CPU.Build.0 = Debug|Any CPU
		{DF35AB8A-1BAA-45F5-A94C-01D2741E39A5}.Release|Any CPU.ActiveCfg = Release|Any CPU
		{DF35AB8A-1BAA-45F5-A94C-01D2741E39A5}.Release|Any CPU.Build.0 = Release|Any CPU
	EndGlobalSection
	GlobalSection(SolutionProperties) = preSolution
		HideSolutionNode = FALSE
	EndGlobalSection
	GlobalSection(ExtensibilityGlobals) = postSolution
		SolutionGuid = {6E98E9D1-6296-4618-A791-543BC704539C}
	EndGlobalSection
EndGlobal
